github.com/Flightmate/Flightmate-Stream-Protobuf/click_packet v0.0.0-20250916115538-6526b004b426 h1:V98h3jfXSCe4pYe8TcPhBXPCllRe2JOmfxz3KV2lybw=
github.com/Flightmate/Flightmate-Stream-Protobuf/click_packet v0.0.0-20250916115538-6526b004b426/go.mod h1:DmQH3Uu7Cetwy4P6LRFcxI4YGtQcDad61Jv/zWTHVjM=
github.com/Flightmate/Flightmate-Stream-Protobuf/search_packet v0.0.0-20250916115538-6526b004b426 h1:R2xjOR8cP15ygZszkOwacohjy1meLI+umawqSLatpgE=
github.com/Flightmate/Flightmate-Stream-Protobuf/search_packet v0.0.0-20250916115538-6526b004b426/go.mod h1:k0IkGvljhAPvYVKUEM6KIApTf4hMisG1QC519LOTh2o=
github.com/golang/protobuf v1.5.0/go.mod h1:FsONVRAS9T7sI+LIUmWTfcYkHO4aIWwzhcaSAoJOfIk=
github.com/google/go-cmp v0.5.5 h1:Khx7svrCpmxxtHBq5j2mp/xVjsi8hQMfNLvJFAlrGgU=
github.com/google/go-cmp v0.5.5/go.mod h1:v8dTdLbMG2kIc/vJvl+f65V22dbkXbowE6jgT/gNBxE=
golang.org/x/xerrors v0.0.0-20191204190536-9bdfabe68543 h1:E7g+9GITq07hpfrRu66IVDexMakfv52eLZ2CXBWiKr4=
golang.org/x/xerrors v0.0.0-20191204190536-9bdfabe68543/go.mod h1:I/5z698sn9Ka8TeJc9MKroUUfqBBauWjQqLJ2OPfmY0=
google.golang.org/protobuf v1.26.0-rc.1/go.mod h1:jlhhOSvTdKEhbULTjvd4ARK9grFBp09yW+WbY/TyQbw=
google.golang.org/protobuf v1.27.1 h1:SnqbnDw1V7RiZcXPx5MEeqPv2s79L9i7BJUlG/+RurQ=
google.golang.org/protobuf v1.27.1/go.mod h1:9q0QmTI4eRPtz6boOQmLYwt+qCgq0jsYwAQnmE0givc=
