github.com/Flightmate/Flightmate-Stream-Protobuf v0.0.0-20220105090855-94e2fef53456 h1:l/D43jVCs0F0gvROLSRFiqfCXqqvIfAReAbvFRMX9Us=
github.com/Flightmate/Flightmate-Stream-Protobuf v0.0.0-20220105090855-94e2fef53456/go.mod h1:h7YwFrp3XjbL6hjsvMWo+0ktN6Tr8WWbvx1t6R/Ji/s=
github.com/Flightmate/Flightmate-Stream-Protobuf v0.0.0-20220105093030-0769ab186b9e h1:S3BZPuH3p1JnK3x2ir1Q+MNYPgHFJ/Eybwb6gjhjayc=
github.com/Flightmate/Flightmate-Stream-Protobuf v0.0.0-20220105093030-0769ab186b9e/go.mod h1:h7YwFrp3XjbL6hjsvMWo+0ktN6Tr8WWbvx1t6R/Ji/s=
github.com/Flightmate/Flightmate-Stream-Protobuf v0.0.0-20220105095038-c9257841b4cb h1:Dle+ez5tF08iKw62JrJ891nHGIgQpqWWpTCibHYoYI4=
github.com/Flightmate/Flightmate-Stream-Protobuf/another_click_packet v0.0.0-20220105100051-c423b57aee65 h1:Z5ybt9Z9B6yR25TblWjx/D4RGHJHYY5ZEs8UQ5dKTLU=
github.com/Flightmate/Flightmate-Stream-Protobuf/another_click_packet v0.0.0-20220105100051-c423b57aee65/go.mod h1:F7BDXi5K2y67qXEraKVXIYM7P+w9vAng0BGfMviWqOw=
github.com/Flightmate/Flightmate-Stream-Protobuf/click_packet v0.0.0-20220105101636-f53ff4a09e8c h1:aewz/3oj3/n0SNXEj4nRKJJKnS3FzlVCZLdxZW4uI/c=
github.com/Flightmate/Flightmate-Stream-Protobuf/click_packet v0.0.0-20220105101636-f53ff4a09e8c/go.mod h1:bZkOVX3x5a0LuJW3eEU1DO9Xe835W1MAIp3TD4/9MlI=
github.com/Flightmate/Flightmate-Stream-Protobuf/search_packet v0.0.0-20220105101636-f53ff4a09e8c h1:Nh/Z3RkIFFAaUBPRpO5eTvHCKs5oPnJBCPHR9TeApZ0=
github.com/Flightmate/Flightmate-Stream-Protobuf/search_packet v0.0.0-20220105101636-f53ff4a09e8c/go.mod h1:waCsmukeKewfv+JYCUcIHFVUrNIVusdqkS29iq/kovk=
github.com/davecgh/go-spew v1.1.0/go.mod h1:J7Y8YcW2NihsgmVo/mv3lAwl/skON4iLHjSsI+c5H38=
github.com/go-restruct/restruct v1.2.0-alpha h1:2Lp474S/9660+SJjpVxoKuWX09JsXHSrdV7Nv3/gkvc=
github.com/go-restruct/restruct v1.2.0-alpha/go.mod h1:KqrpKpn4M8OLznErihXTGLlsXFGeLxHUrLRRI/1YjGk=
github.com/golang/protobuf v1.5.0 h1:LUVKkCeviFUMKqHa4tXIIij/lbhnMbP7Fn5wKdKkRh4=
github.com/golang/protobuf v1.5.0/go.mod h1:FsONVRAS9T7sI+LIUmWTfcYkHO4aIWwzhcaSAoJOfIk=
github.com/google/go-cmp v0.5.5/go.mod h1:v8dTdLbMG2kIc/vJvl+f65V22dbkXbowE6jgT/gNBxE=
github.com/pkg/errors v0.8.1 h1:iURUrRGxPUNPdy5/HRSm+Yj6okJ6UtLINN0Q9M4+h3I=
github.com/pkg/errors v0.8.1/go.mod h1:bwawxfHBFNV+L2hUp1rHADufV3IMtnDRdf1r5NINEl0=
github.com/pmezard/go-difflib v1.0.0/go.mod h1:iKH77koFhYxTK1pcRnkKkqfTogsbg7gZNVY4sRDYZ/4=
github.com/stretchr/objx v0.1.0/go.mod h1:HFkY916IF+rwdDfMAkV7OtwuqBVzrE8GR6GFx+wExME=
github.com/stretchr/testify v1.4.0/go.mod h1:j7eGeouHqKxXV5pUuKE4zz7dFj8WfuZ+81PSLYec5m4=
golang.org/x/xerrors v0.0.0-20191204190536-9bdfabe68543/go.mod h1:I/5z698sn9Ka8TeJc9MKroUUfqBBauWjQqLJ2OPfmY0=
google.golang.org/protobuf v1.26.0-rc.1/go.mod h1:jlhhOSvTdKEhbULTjvd4ARK9grFBp09yW+WbY/TyQbw=
google.golang.org/protobuf v1.27.1 h1:SnqbnDw1V7RiZcXPx5MEeqPv2s79L9i7BJUlG/+RurQ=
google.golang.org/protobuf v1.27.1/go.mod h1:9q0QmTI4eRPtz6boOQmLYwt+qCgq0jsYwAQnmE0givc=
gopkg.in/check.v1 v0.0.0-20161208181325-20d25e280405/go.mod h1:Co6ibVJAznAaIkqp8huTwlJQCZ016jof/cbN4VW5Yz0=
gopkg.in/yaml.v2 v2.2.2/go.mod h1:hI93XBmqTisBFMUTm0b8Fm+jr3Dg1NNxqwp+5A1VGuI=
